
Microsoft Visual Studio Solution File, Format Version 12.00
# Visual Studio 15
Project("{FAE04EC0-301F-11D3-BF4B-00C04F79EFBC}") = "Assembly-CSharp", "Assembly-CSharp.csproj", "{C54BC6E2-5233-BD7D-7856-035970F20E22}"
EndProject
Project("{FAE04EC0-301F-11D3-BF4B-00C04F79EFBC}") = "Assembly-CSharp-firstpass", "Assembly-CSharp-firstpass.csproj", "{1787C5F9-D624-B072-EB29-17D5EFE153C9}"
EndProject
Project("{FAE04EC0-301F-11D3-BF4B-00C04F79EFBC}") = "Assembly-CSharp-Editor", "Assembly-CSharp-Editor.csproj", "{CC4D559C-445A-69FB-A42A-426B27699B98}"
EndProject
Global
	GlobalSection(SolutionConfigurationPlatforms) = preSolution
		Debug|Any CPU = Debug|Any CPU
		Release|Any CPU = Release|Any CPU
	EndGlobalSection
	GlobalSection(ProjectConfigurationPlatforms) = postSolution
		{C54BC6E2-5233-BD7D-7856-035970F20E22}.Debug|Any CPU.ActiveCfg = Debug|Any CPU
		{C54BC6E2-5233-BD7D-7856-035970F20E22}.Debug|Any CPU.Build.0 = Debug|Any CPU
		{C54BC6E2-5233-BD7D-7856-035970F20E22}.Release|Any CPU.ActiveCfg = Release|Any CPU
		{C54BC6E2-5233-BD7D-7856-035970F20E22}.Release|Any CPU.Build.0 = Release|Any CPU
		{1787C5F9-D624-B072-EB29-17D5EFE153C9}.Debug|Any CPU.ActiveCfg = Debug|Any CPU
		{1787C5F9-D624-B072-EB29-17D5EFE153C9}.Debug|Any CPU.Build.0 = Debug|Any CPU
		{1787C5F9-D624-B072-EB29-17D5EFE153C9}.Release|Any CPU.ActiveCfg = Release|Any CPU
		{1787C5F9-D624-B072-EB29-17D5EFE153C9}.Release|Any CPU.Build.0 = Release|Any CPU
		{CC4D559C-445A-69FB-A42A-426B27699B98}.Debug|Any CPU.ActiveCfg = Debug|Any CPU
		{CC4D559C-445A-69FB-A42A-426B27699B98}.Debug|Any CPU.Build.0 = Debug|Any CPU
		{CC4D559C-445A-69FB-A42A-426B27699B98}.Release|Any CPU.ActiveCfg = Release|Any CPU
		{CC4D559C-445A-69FB-A42A-426B27699B98}.Release|Any CPU.Build.0 = Release|Any CPU
	EndGlobalSection
	GlobalSection(SolutionProperties) = preSolution
		HideSolutionNode = FALSE
	EndGlobalSection
EndGlobal
